[[package]]
name = "im"
version = "10.2.0"
source = "registry+https://github.com/rust-lang/crates.io-index"
dependencies = [
 "rustc_version 0.2.2 (registry+https://github.com/rust-lang/crates.io-index)",
]

[[package]]
name = "libc"
version = "0.2.41"
source = "registry+https://github.com/rust-lang/crates.io-index"

[[package]]
name = "mal"
version = "0.1.0"
dependencies = [
 "im 10.2.0 (registry+https://github.com/rust-lang/crates.io-index)",
 "nom 4.0.0 (registry+https://github.com/rust-lang/crates.io-index)",
]

[[package]]
name = "memchr"
version = "2.0.1"
source = "registry+https://github.com/rust-lang/crates.io-index"
dependencies = [
 "libc 0.2.41 (registry+https://github.com/rust-lang/crates.io-index)",
]

[[package]]
name = "nom"
version = "4.0.0"
source = "registry+https://github.com/rust-lang/crates.io-index"
dependencies = [
 "memchr 2.0.1 (registry+https://github.com/rust-lang/crates.io-index)",
]

[[package]]
name = "rustc_version"
version = "0.2.2"
source = "registry+https://github.com/rust-lang/crates.io-index"
dependencies = [
 "semver 0.9.0 (registry+https://github.com/rust-lang/crates.io-index)",
]

[[package]]
name = "semver"
version = "0.9.0"
source = "registry+https://github.com/rust-lang/crates.io-index"
dependencies = [
 "semver-parser 0.7.0 (registry+https://github.com/rust-lang/crates.io-index)",
]

[[package]]
name = "semver-parser"
version = "0.7.0"
source = "registry+https://github.com/rust-lang/crates.io-index"

[metadata]
"checksum im 10.2.0 (registry+https://github.com/rust-lang/crates.io-index)" = "006e5c34d6fc287f91a90f53f19a8a859bade826e3153b137b8e1022ea54250b"
"checksum libc 0.2.41 (registry+https://github.com/rust-lang/crates.io-index)" = "ac8ebf8343a981e2fa97042b14768f02ed3e1d602eac06cae6166df3c8ced206"
"checksum memchr 2.0.1 (registry+https://github.com/rust-lang/crates.io-index)" = "796fba70e76612589ed2ce7f45282f5af869e0fdd7cc6199fa1aa1f1d591ba9d"
"checksum nom 4.0.0 (registry+https://github.com/rust-lang/crates.io-index)" = "898696750eb5c3ce5eb5afbfbe46e7f7c4e1936e19d3e97be4b7937da7b6d114"
"checksum rustc_version 0.2.2 (registry+https://github.com/rust-lang/crates.io-index)" = "a54aa04a10c68c1c4eacb4337fd883b435997ede17a9385784b990777686b09a"
"checksum semver 0.9.0 (registry+https://github.com/rust-lang/crates.io-index)" = "1d7eb9ef2c18661902cc47e535f9bc51b78acd254da71d375c2f6720d9a40403"
"checksum semver-parser 0.7.0 (registry+https://github.com/rust-lang/crates.io-index)" = "388a1df253eca08550bef6c72392cfe7c30914bf41df5269b68cbd6ff8f570a3"
